// !$*UTF8*$!
{
	archiveVersion = 1;
	classes = {
	};
	objectVersion = 54;
	objects = {

/* Begin PBXBuildFile section */
		49420C5A265A23B900AFBB6C /* AppDelegate.swift in Sources */ = {isa = PBXBuildFile; fileRef = 49420C59265A23B900AFBB6C /* AppDelegate.swift */; };
		49420C5C265A23B900AFBB6C /* SceneDelegate.swift in Sources */ = {isa = PBXBuildFile; fileRef = 49420C5B265A23B900AFBB6C /* SceneDelegate.swift */; };
		49420C5E265A23B900AFBB6C /* MainListController.swift in Sources */ = {isa = PBXBuildFile; fileRef = 49420C5D265A23B900AFBB6C /* MainListController.swift */; };
		49420C64265A23B900AFBB6C /* Contacts.xcdatamodeld in Sources */ = {isa = PBXBuildFile; fileRef = 49420C62265A23B900AFBB6C /* Contacts.xcdatamodeld */; };
		49420C66265A23BA00AFBB6C /* Assets.xcassets in Resources */ = {isa = PBXBuildFile; fileRef = 49420C65265A23BA00AFBB6C /* Assets.xcassets */; };
		49420C72265A378700AFBB6C /* Coordinator.swift in Sources */ = {isa = PBXBuildFile; fileRef = 49420C71265A378700AFBB6C /* Coordinator.swift */; };
		49420C75265A3A8900AFBB6C /* MainListView.swift in Sources */ = {isa = PBXBuildFile; fileRef = 49420C74265A3A8900AFBB6C /* MainListView.swift */; };
		49420C78265A3F4100AFBB6C /* ContactList.swift in Sources */ = {isa = PBXBuildFile; fileRef = 49420C77265A3F4100AFBB6C /* ContactList.swift */; };
		49420C7B265B8F9400AFBB6C /* MainListViewModel.swift in Sources */ = {isa = PBXBuildFile; fileRef = 49420C7A265B8F9400AFBB6C /* MainListViewModel.swift */; };
		49420C8F265BD13100AFBB6C /* Constans.swift in Sources */ = {isa = PBXBuildFile; fileRef = 49420C8E265BD13100AFBB6C /* Constans.swift */; };
		49420C92265BD1CA00AFBB6C /* MainListViewModelType.swift in Sources */ = {isa = PBXBuildFile; fileRef = 49420C91265BD1CA00AFBB6C /* MainListViewModelType.swift */; };
		49420C9C265CD6C900AFBB6C /* ContactPageController.swift in Sources */ = {isa = PBXBuildFile; fileRef = 49420C9B265CD6C900AFBB6C /* ContactPageController.swift */; };
		49420C9E265CD6E700AFBB6C /* ContactPageView.swift in Sources */ = {isa = PBXBuildFile; fileRef = 49420C9D265CD6E700AFBB6C /* ContactPageView.swift */; };
		49420CA6265CFEBF00AFBB6C /* PersonalInfoType.swift in Sources */ = {isa = PBXBuildFile; fileRef = 49420CA5265CFEBF00AFBB6C /* PersonalInfoType.swift */; };
		49420CA9265D139300AFBB6C /* TextView.swift in Sources */ = {isa = PBXBuildFile; fileRef = 49420CA8265D139300AFBB6C /* TextView.swift */; };
		49420CAD265D46F200AFBB6C /* RingtoneViewModel.swift in Sources */ = {isa = PBXBuildFile; fileRef = 49420CAC265D46F200AFBB6C /* RingtoneViewModel.swift */; };
		49420CB0265E314C00AFBB6C /* DrawLineUnderView.swift in Sources */ = {isa = PBXBuildFile; fileRef = 49420CAF265E314C00AFBB6C /* DrawLineUnderView.swift */; };
		49420CB2265E33AD00AFBB6C /* TextField.swift in Sources */ = {isa = PBXBuildFile; fileRef = 49420CB1265E33AD00AFBB6C /* TextField.swift */; };
		49420CB6265E3B8F00AFBB6C /* TextFieldType.swift in Sources */ = {isa = PBXBuildFile; fileRef = 49420CB5265E3B8F00AFBB6C /* TextFieldType.swift */; };
		49420CB8265E538100AFBB6C /* TextFieldButtonPressedDelegate.swift in Sources */ = {isa = PBXBuildFile; fileRef = 49420CB7265E538100AFBB6C /* TextFieldButtonPressedDelegate.swift */; };
		49420CBA265E539400AFBB6C /* TextFieldButton.swift in Sources */ = {isa = PBXBuildFile; fileRef = 49420CB9265E539400AFBB6C /* TextFieldButton.swift */; };
		49420CBC265E760C00AFBB6C /* Ringtone.swift in Sources */ = {isa = PBXBuildFile; fileRef = 49420CBB265E760C00AFBB6C /* Ringtone.swift */; };
		49420CBE265E8B0800AFBB6C /* RingtoneCell.swift in Sources */ = {isa = PBXBuildFile; fileRef = 49420CBD265E8B0800AFBB6C /* RingtoneCell.swift */; };
		494AE893265F8B3C00741FE5 /* TypeOfDetailPage.swift in Sources */ = {isa = PBXBuildFile; fileRef = 494AE892265F8B3C00741FE5 /* TypeOfDetailPage.swift */; };
		494AE8952661097B00741FE5 /* ContactPageViewModel.swift in Sources */ = {isa = PBXBuildFile; fileRef = 494AE8942661097B00741FE5 /* ContactPageViewModel.swift */; };
		49A05AB42664D33800DB2DE4 /* ContactPageViewModelType.swift in Sources */ = {isa = PBXBuildFile; fileRef = 49A05AB32664D33800DB2DE4 /* ContactPageViewModelType.swift */; };
		49A05AB62664D35300DB2DE4 /* RingtoneViewModelType.swift in Sources */ = {isa = PBXBuildFile; fileRef = 49A05AB52664D35300DB2DE4 /* RingtoneViewModelType.swift */; };
		49A05AB82664D36E00DB2DE4 /* DeleteButtonDelegate.swift in Sources */ = {isa = PBXBuildFile; fileRef = 49A05AB72664D36E00DB2DE4 /* DeleteButtonDelegate.swift */; };
		49A05ABA2664D37E00DB2DE4 /* ProfileImageDelegate.swift in Sources */ = {isa = PBXBuildFile; fileRef = 49A05AB92664D37D00DB2DE4 /* ProfileImageDelegate.swift */; };
		D0157E0D7E463A575E904874 /* Pods_Contacts.framework in Frameworks */ = {isa = PBXBuildFile; fileRef = DA3F7125F080FDDC25679962 /* Pods_Contacts.framework */; };
/* End PBXBuildFile section */

/* Begin PBXFileReference section */
		49420C56265A23B900AFBB6C /* Contact.app */ = {isa = PBXFileReference; explicitFileType = wrapper.application; includeInIndex = 0; path = Contact.app; sourceTree = BUILT_PRODUCTS_DIR; };
		49420C59265A23B900AFBB6C /* AppDelegate.swift */ = {isa = PBXFileReference; lastKnownFileType = sourcecode.swift; path = AppDelegate.swift; sourceTree = "<group>"; };
		49420C5B265A23B900AFBB6C /* SceneDelegate.swift */ = {isa = PBXFileReference; lastKnownFileType = sourcecode.swift; path = SceneDelegate.swift; sourceTree = "<group>"; };
		49420C5D265A23B900AFBB6C /* MainListController.swift */ = {isa = PBXFileReference; lastKnownFileType = sourcecode.swift; path = MainListController.swift; sourceTree = "<group>"; };
		49420C63265A23B900AFBB6C /* Contacts.xcdatamodel */ = {isa = PBXFileReference; lastKnownFileType = wrapper.xcdatamodel; path = Contacts.xcdatamodel; sourceTree = "<group>"; };
		49420C65265A23BA00AFBB6C /* Assets.xcassets */ = {isa = PBXFileReference; lastKnownFileType = folder.assetcatalog; path = Assets.xcassets; sourceTree = "<group>"; };
		49420C6A265A23BA00AFBB6C /* Info.plist */ = {isa = PBXFileReference; lastKnownFileType = text.plist.xml; path = Info.plist; sourceTree = "<group>"; };
		49420C71265A378700AFBB6C /* Coordinator.swift */ = {isa = PBXFileReference; lastKnownFileType = sourcecode.swift; path = Coordinator.swift; sourceTree = "<group>"; };
		49420C74265A3A8900AFBB6C /* MainListView.swift */ = {isa = PBXFileReference; lastKnownFileType = sourcecode.swift; path = MainListView.swift; sourceTree = "<group>"; };
		49420C77265A3F4100AFBB6C /* ContactList.swift */ = {isa = PBXFileReference; lastKnownFileType = sourcecode.swift; path = ContactList.swift; sourceTree = "<group>"; };
		49420C7A265B8F9400AFBB6C /* MainListViewModel.swift */ = {isa = PBXFileReference; lastKnownFileType = sourcecode.swift; path = MainListViewModel.swift; sourceTree = "<group>"; };
		49420C8E265BD13100AFBB6C /* Constans.swift */ = {isa = PBXFileReference; lastKnownFileType = sourcecode.swift; path = Constans.swift; sourceTree = "<group>"; };
		49420C91265BD1CA00AFBB6C /* MainListViewModelType.swift */ = {isa = PBXFileReference; lastKnownFileType = sourcecode.swift; path = MainListViewModelType.swift; sourceTree = "<group>"; };
		49420C9B265CD6C900AFBB6C /* ContactPageController.swift */ = {isa = PBXFileReference; lastKnownFileType = sourcecode.swift; path = ContactPageController.swift; sourceTree = "<group>"; };
		49420C9D265CD6E700AFBB6C /* ContactPageView.swift */ = {isa = PBXFileReference; lastKnownFileType = sourcecode.swift; path = ContactPageView.swift; sourceTree = "<group>"; };
		49420CA5265CFEBF00AFBB6C /* PersonalInfoType.swift */ = {isa = PBXFileReference; lastKnownFileType = sourcecode.swift; path = PersonalInfoType.swift; sourceTree = "<group>"; };
		49420CA8265D139300AFBB6C /* TextView.swift */ = {isa = PBXFileReference; lastKnownFileType = sourcecode.swift; path = TextView.swift; sourceTree = "<group>"; };
		49420CAC265D46F200AFBB6C /* RingtoneViewModel.swift */ = {isa = PBXFileReference; lastKnownFileType = sourcecode.swift; path = RingtoneViewModel.swift; sourceTree = "<group>"; };
		49420CAF265E314C00AFBB6C /* DrawLineUnderView.swift */ = {isa = PBXFileReference; lastKnownFileType = sourcecode.swift; path = DrawLineUnderView.swift; sourceTree = "<group>"; };
		49420CB1265E33AD00AFBB6C /* TextField.swift */ = {isa = PBXFileReference; lastKnownFileType = sourcecode.swift; path = TextField.swift; sourceTree = "<group>"; };
		49420CB5265E3B8F00AFBB6C /* TextFieldType.swift */ = {isa = PBXFileReference; lastKnownFileType = sourcecode.swift; path = TextFieldType.swift; sourceTree = "<group>"; };
		49420CB7265E538100AFBB6C /* TextFieldButtonPressedDelegate.swift */ = {isa = PBXFileReference; lastKnownFileType = sourcecode.swift; path = TextFieldButtonPressedDelegate.swift; sourceTree = "<group>"; };
		49420CB9265E539400AFBB6C /* TextFieldButton.swift */ = {isa = PBXFileReference; lastKnownFileType = sourcecode.swift; path = TextFieldButton.swift; sourceTree = "<group>"; };
		49420CBB265E760C00AFBB6C /* Ringtone.swift */ = {isa = PBXFileReference; lastKnownFileType = sourcecode.swift; path = Ringtone.swift; sourceTree = "<group>"; };
		49420CBD265E8B0800AFBB6C /* RingtoneCell.swift */ = {isa = PBXFileReference; lastKnownFileType = sourcecode.swift; path = RingtoneCell.swift; sourceTree = "<group>"; };
		494AE892265F8B3C00741FE5 /* TypeOfDetailPage.swift */ = {isa = PBXFileReference; lastKnownFileType = sourcecode.swift; path = TypeOfDetailPage.swift; sourceTree = "<group>"; };
		494AE8942661097B00741FE5 /* ContactPageViewModel.swift */ = {isa = PBXFileReference; lastKnownFileType = sourcecode.swift; path = ContactPageViewModel.swift; sourceTree = "<group>"; };
		49A05AB32664D33800DB2DE4 /* ContactPageViewModelType.swift */ = {isa = PBXFileReference; lastKnownFileType = sourcecode.swift; path = ContactPageViewModelType.swift; sourceTree = "<group>"; };
		49A05AB52664D35300DB2DE4 /* RingtoneViewModelType.swift */ = {isa = PBXFileReference; lastKnownFileType = sourcecode.swift; path = RingtoneViewModelType.swift; sourceTree = "<group>"; };
		49A05AB72664D36E00DB2DE4 /* DeleteButtonDelegate.swift */ = {isa = PBXFileReference; lastKnownFileType = sourcecode.swift; path = DeleteButtonDelegate.swift; sourceTree = "<group>"; };
		49A05AB92664D37D00DB2DE4 /* ProfileImageDelegate.swift */ = {isa = PBXFileReference; lastKnownFileType = sourcecode.swift; path = ProfileImageDelegate.swift; sourceTree = "<group>"; };
		907270F644592661DB49DC26 /* Pods-Contacts.debug.xcconfig */ = {isa = PBXFileReference; includeInIndex = 1; lastKnownFileType = text.xcconfig; name = "Pods-Contacts.debug.xcconfig"; path = "Target Support Files/Pods-Contacts/Pods-Contacts.debug.xcconfig"; sourceTree = "<group>"; };
		C1F3E209B5C62F03D09B922C /* Pods-Contacts.release.xcconfig */ = {isa = PBXFileReference; includeInIndex = 1; lastKnownFileType = text.xcconfig; name = "Pods-Contacts.release.xcconfig"; path = "Target Support Files/Pods-Contacts/Pods-Contacts.release.xcconfig"; sourceTree = "<group>"; };
		DA3F7125F080FDDC25679962 /* Pods_Contacts.framework */ = {isa = PBXFileReference; explicitFileType = wrapper.framework; includeInIndex = 0; path = Pods_Contacts.framework; sourceTree = BUILT_PRODUCTS_DIR; };
/* End PBXFileReference section */

/* Begin PBXFrameworksBuildPhase section */
		49420C53265A23B800AFBB6C /* Frameworks */ = {
			isa = PBXFrameworksBuildPhase;
			buildActionMask = 2147483647;
			files = (
				D0157E0D7E463A575E904874 /* Pods_Contacts.framework in Frameworks */,
			);
			runOnlyForDeploymentPostprocessing = 0;
		};
/* End PBXFrameworksBuildPhase section */

/* Begin PBXGroup section */
		3333B9A7E25E1B2CC0C1D17D /* Pods */ = {
			isa = PBXGroup;
			children = (
				907270F644592661DB49DC26 /* Pods-Contacts.debug.xcconfig */,
				C1F3E209B5C62F03D09B922C /* Pods-Contacts.release.xcconfig */,
			);
			path = Pods;
			sourceTree = "<group>";
		};
		49420C4D265A23B800AFBB6C = {
			isa = PBXGroup;
			children = (
				49420C58265A23B900AFBB6C /* Contacts */,
				49420C57265A23B900AFBB6C /* Products */,
				3333B9A7E25E1B2CC0C1D17D /* Pods */,
				EB6CAE48DD4D54CC1FFFAE02 /* Frameworks */,
			);
			sourceTree = "<group>";
		};
		49420C57265A23B900AFBB6C /* Products */ = {
			isa = PBXGroup;
			children = (
				49420C56265A23B900AFBB6C /* Contact.app */,
			);
			name = Products;
			sourceTree = "<group>";
		};
		49420C58265A23B900AFBB6C /* Contacts */ = {
			isa = PBXGroup;
			children = (
				49420C59265A23B900AFBB6C /* AppDelegate.swift */,
				49420C5B265A23B900AFBB6C /* SceneDelegate.swift */,
				49420C71265A378700AFBB6C /* Coordinator.swift */,
				49420C90265BD1BB00AFBB6C /* Protocols */,
				49420CAE265E312900AFBB6C /* Extension */,
				49420C76265A3F3300AFBB6C /* Model */,
				49420C79265B8F7C00AFBB6C /* ViewModel */,
				49420C73265A3A7700AFBB6C /* View */,
				49420C65265A23BA00AFBB6C /* Assets.xcassets */,
				49420C6A265A23BA00AFBB6C /* Info.plist */,
			);
			path = Contacts;
			sourceTree = "<group>";
		};
		49420C73265A3A7700AFBB6C /* View */ = {
			isa = PBXGroup;
			children = (
				49420C5D265A23B900AFBB6C /* MainListController.swift */,
				49420C74265A3A8900AFBB6C /* MainListView.swift */,
				49420CA7265D024300AFBB6C /* ContactScreen */,
			);
			path = View;
			sourceTree = "<group>";
		};
		49420C76265A3F3300AFBB6C /* Model */ = {
			isa = PBXGroup;
			children = (
				49420C62265A23B900AFBB6C /* Contacts.xcdatamodeld */,
				49420C8E265BD13100AFBB6C /* Constans.swift */,
				49420C77265A3F4100AFBB6C /* ContactList.swift */,
				49420CA5265CFEBF00AFBB6C /* PersonalInfoType.swift */,
				49420CB5265E3B8F00AFBB6C /* TextFieldType.swift */,
				49420CB9265E539400AFBB6C /* TextFieldButton.swift */,
				49420CBB265E760C00AFBB6C /* Ringtone.swift */,
				494AE892265F8B3C00741FE5 /* TypeOfDetailPage.swift */,
			);
			path = Model;
			sourceTree = "<group>";
		};
		49420C79265B8F7C00AFBB6C /* ViewModel */ = {
			isa = PBXGroup;
			children = (
				49420C7A265B8F9400AFBB6C /* MainListViewModel.swift */,
				49420CAC265D46F200AFBB6C /* RingtoneViewModel.swift */,
				494AE8942661097B00741FE5 /* ContactPageViewModel.swift */,
			);
			path = ViewModel;
			sourceTree = "<group>";
		};
		49420C90265BD1BB00AFBB6C /* Protocols */ = {
			isa = PBXGroup;
			children = (
				49420C91265BD1CA00AFBB6C /* MainListViewModelType.swift */,
				49420CB7265E538100AFBB6C /* TextFieldButtonPressedDelegate.swift */,
				49A05AB32664D33800DB2DE4 /* ContactPageViewModelType.swift */,
				49A05AB52664D35300DB2DE4 /* RingtoneViewModelType.swift */,
				49A05AB72664D36E00DB2DE4 /* DeleteButtonDelegate.swift */,
				49A05AB92664D37D00DB2DE4 /* ProfileImageDelegate.swift */,
			);
			path = Protocols;
			sourceTree = "<group>";
		};
		49420CA7265D024300AFBB6C /* ContactScreen */ = {
			isa = PBXGroup;
			children = (
				49420C9B265CD6C900AFBB6C /* ContactPageController.swift */,
				49420C9D265CD6E700AFBB6C /* ContactPageView.swift */,
				49420CA8265D139300AFBB6C /* TextView.swift */,
				49420CB1265E33AD00AFBB6C /* TextField.swift */,
				49420CBD265E8B0800AFBB6C /* RingtoneCell.swift */,
			);
			path = ContactScreen;
			sourceTree = "<group>";
		};
		49420CAE265E312900AFBB6C /* Extension */ = {
			isa = PBXGroup;
			children = (
				49420CAF265E314C00AFBB6C /* DrawLineUnderView.swift */,
			);
			path = Extension;
			sourceTree = "<group>";
		};
		EB6CAE48DD4D54CC1FFFAE02 /* Frameworks */ = {
			isa = PBXGroup;
			children = (
				DA3F7125F080FDDC25679962 /* Pods_Contacts.framework */,
			);
			name = Frameworks;
			sourceTree = "<group>";
		};
/* End PBXGroup section */

/* Begin PBXNativeTarget section */
		49420C55265A23B800AFBB6C /* Contact */ = {
			isa = PBXNativeTarget;
			buildConfigurationList = 49420C6D265A23BA00AFBB6C /* Build configuration list for PBXNativeTarget "Contact" */;
			buildPhases = (
				059AFA0001DD6DD178A012D7 /* [CP] Check Pods Manifest.lock */,
				49420C52265A23B800AFBB6C /* Sources */,
				49420C53265A23B800AFBB6C /* Frameworks */,
				49420C54265A23B800AFBB6C /* Resources */,
				095A5254925D5C7BCAAFBF0F /* [CP] Embed Pods Frameworks */,
				49420C70265A2AA300AFBB6C /* ShellScript */,
			);
			buildRules = (
			);
			dependencies = (
			);
			name = Contact;
			productName = Contacts;
			productReference = 49420C56265A23B900AFBB6C /* Contact.app */;
			productType = "com.apple.product-type.application";
		};
/* End PBXNativeTarget section */

/* Begin PBXProject section */
		49420C4E265A23B800AFBB6C /* Project object */ = {
			isa = PBXProject;
			attributes = {
				LastSwiftUpdateCheck = 1250;
				LastUpgradeCheck = 1250;
				TargetAttributes = {
					49420C55265A23B800AFBB6C = {
						CreatedOnToolsVersion = 12.5;
					};
				};
			};
			buildConfigurationList = 49420C51265A23B800AFBB6C /* Build configuration list for PBXProject "Contact" */;
			compatibilityVersion = "Xcode 9.3";
			developmentRegion = en;
			hasScannedForEncodings = 0;
			knownRegions = (
				en,
				Base,
			);
			mainGroup = 49420C4D265A23B800AFBB6C;
			productRefGroup = 49420C57265A23B900AFBB6C /* Products */;
			projectDirPath = "";
			projectRoot = "";
			targets = (
				49420C55265A23B800AFBB6C /* Contact */,
			);
		};
/* End PBXProject section */

/* Begin PBXResourcesBuildPhase section */
		49420C54265A23B800AFBB6C /* Resources */ = {
			isa = PBXResourcesBuildPhase;
			buildActionMask = 2147483647;
			files = (
				49420C66265A23BA00AFBB6C /* Assets.xcassets in Resources */,
			);
			runOnlyForDeploymentPostprocessing = 0;
		};
/* End PBXResourcesBuildPhase section */

/* Begin PBXShellScriptBuildPhase section */
		059AFA0001DD6DD178A012D7 /* [CP] Check Pods Manifest.lock */ = {
			isa = PBXShellScriptBuildPhase;
			buildActionMask = 2147483647;
			files = (
			);
			inputFileListPaths = (
			);
			inputPaths = (
				"${PODS_PODFILE_DIR_PATH}/Podfile.lock",
				"${PODS_ROOT}/Manifest.lock",
			);
			name = "[CP] Check Pods Manifest.lock";
			outputFileListPaths = (
			);
			outputPaths = (
				"$(DERIVED_FILE_DIR)/Pods-Contacts-checkManifestLockResult.txt",
			);
			runOnlyForDeploymentPostprocessing = 0;
			shellPath = /bin/sh;
			shellScript = "diff \"${PODS_PODFILE_DIR_PATH}/Podfile.lock\" \"${PODS_ROOT}/Manifest.lock\" > /dev/null\nif [ $? != 0 ] ; then\n    # print error to STDERR\n    echo \"error: The sandbox is not in sync with the Podfile.lock. Run 'pod install' or update your CocoaPods installation.\" >&2\n    exit 1\nfi\n# This output is used by Xcode 'outputs' to avoid re-running this script phase.\necho \"SUCCESS\" > \"${SCRIPT_OUTPUT_FILE_0}\"\n";
			showEnvVarsInLog = 0;
		};
		095A5254925D5C7BCAAFBF0F /* [CP] Embed Pods Frameworks */ = {
			isa = PBXShellScriptBuildPhase;
			buildActionMask = 2147483647;
			files = (
			);
			inputFileListPaths = (
				"${PODS_ROOT}/Target Support Files/Pods-Contacts/Pods-Contacts-frameworks-${CONFIGURATION}-input-files.xcfilelist",
			);
			name = "[CP] Embed Pods Frameworks";
			outputFileListPaths = (
				"${PODS_ROOT}/Target Support Files/Pods-Contacts/Pods-Contacts-frameworks-${CONFIGURATION}-output-files.xcfilelist",
			);
			runOnlyForDeploymentPostprocessing = 0;
			shellPath = /bin/sh;
			shellScript = "\"${PODS_ROOT}/Target Support Files/Pods-Contacts/Pods-Contacts-frameworks.sh\"\n";
			showEnvVarsInLog = 0;
		};
		49420C70265A2AA300AFBB6C /* ShellScript */ = {
			isa = PBXShellScriptBuildPhase;
			alwaysOutOfDate = 1;
			buildActionMask = 2147483647;
			files = (
			);
			inputFileListPaths = (
			);
			inputPaths = (
			);
			outputFileListPaths = (
			);
			outputPaths = (
			);
			runOnlyForDeploymentPostprocessing = 0;
			shellPath = /bin/sh;
			shellScript = "# Type a script or drag a script file from your workspace to insert its path.\nif which swiftlint >/dev/null; then\n  swiftlint\nelse\n  echo \"warning: SwiftLint not installed, download from https://github.com/realm/SwiftLint\"\nfi\n";
		};
/* End PBXShellScriptBuildPhase section */

/* Begin PBXSourcesBuildPhase section */
		49420C52265A23B800AFBB6C /* Sources */ = {
			isa = PBXSourcesBuildPhase;
			buildActionMask = 2147483647;
			files = (
				49A05ABA2664D37E00DB2DE4 /* ProfileImageDelegate.swift in Sources */,
				49420C9E265CD6E700AFBB6C /* ContactPageView.swift in Sources */,
				49420CBA265E539400AFBB6C /* TextFieldButton.swift in Sources */,
				494AE8952661097B00741FE5 /* ContactPageViewModel.swift in Sources */,
				49420C64265A23B900AFBB6C /* Contacts.xcdatamodeld in Sources */,
				49420CA6265CFEBF00AFBB6C /* PersonalInfoType.swift in Sources */,
				49420C78265A3F4100AFBB6C /* ContactList.swift in Sources */,
				49420C8F265BD13100AFBB6C /* Constans.swift in Sources */,
				49420C75265A3A8900AFBB6C /* MainListView.swift in Sources */,
				494AE893265F8B3C00741FE5 /* TypeOfDetailPage.swift in Sources */,
				49A05AB82664D36E00DB2DE4 /* DeleteButtonDelegate.swift in Sources */,
				49420CB2265E33AD00AFBB6C /* TextField.swift in Sources */,
				49420C5E265A23B900AFBB6C /* MainListController.swift in Sources */,
				49420C72265A378700AFBB6C /* Coordinator.swift in Sources */,
				49420CB8265E538100AFBB6C /* TextFieldButtonPressedDelegate.swift in Sources */,
				49420CA9265D139300AFBB6C /* TextView.swift in Sources */,
				49420C9C265CD6C900AFBB6C /* ContactPageController.swift in Sources */,
				49420CBE265E8B0800AFBB6C /* RingtoneCell.swift in Sources */,
				49420C5A265A23B900AFBB6C /* AppDelegate.swift in Sources */,
				49420C92265BD1CA00AFBB6C /* MainListViewModelType.swift in Sources */,
				49420CB6265E3B8F00AFBB6C /* TextFieldType.swift in Sources */,
				49420C5C265A23B900AFBB6C /* SceneDelegate.swift in Sources */,
				49420CAD265D46F200AFBB6C /* RingtoneViewModel.swift in Sources */,
				49420CB0265E314C00AFBB6C /* DrawLineUnderView.swift in Sources */,
				49A05AB62664D35300DB2DE4 /* RingtoneViewModelType.swift in Sources */,
				49A05AB42664D33800DB2DE4 /* ContactPageViewModelType.swift in Sources */,
				49420C7B265B8F9400AFBB6C /* MainListViewModel.swift in Sources */,
				49420CBC265E760C00AFBB6C /* Ringtone.swift in Sources */,
			);
			runOnlyForDeploymentPostprocessing = 0;
		};
/* End PBXSourcesBuildPhase section */

/* Begin XCBuildConfiguration section */
		49420C6B265A23BA00AFBB6C /* Debug */ = {
			isa = XCBuildConfiguration;
			buildSettings = {
				ALWAYS_SEARCH_USER_PATHS = NO;
				CLANG_ANALYZER_NONNULL = YES;
				CLANG_ANALYZER_NUMBER_OBJECT_CONVERSION = YES_AGGRESSIVE;
				CLANG_CXX_LANGUAGE_STANDARD = "gnu++14";
				CLANG_CXX_LIBRARY = "libc++";
				CLANG_ENABLE_MODULES = YES;
				CLANG_ENABLE_OBJC_ARC = YES;
				CLANG_ENABLE_OBJC_WEAK = YES;
				CLANG_WARN_BLOCK_CAPTURE_AUTORELEASING = YES;
				CLANG_WARN_BOOL_CONVERSION = YES;
				CLANG_WARN_COMMA = YES;
				CLANG_WARN_CONSTANT_CONVERSION = YES;
				CLANG_WARN_DEPRECATED_OBJC_IMPLEMENTATIONS = YES;
				CLANG_WARN_DIRECT_OBJC_ISA_USAGE = YES_ERROR;
				CLANG_WARN_DOCUMENTATION_COMMENTS = YES;
				CLANG_WARN_EMPTY_BODY = YES;
				CLANG_WARN_ENUM_CONVERSION = YES;
				CLANG_WARN_INFINITE_RECURSION = YES;
				CLANG_WARN_INT_CONVERSION = YES;
				CLANG_WARN_NON_LITERAL_NULL_CONVERSION = YES;
				CLANG_WARN_OBJC_IMPLICIT_RETAIN_SELF = YES;
				CLANG_WARN_OBJC_LITERAL_CONVERSION = YES;
				CLANG_WARN_OBJC_ROOT_CLASS = YES_ERROR;
				CLANG_WARN_QUOTED_INCLUDE_IN_FRAMEWORK_HEADER = YES;
				CLANG_WARN_RANGE_LOOP_ANALYSIS = YES;
				CLANG_WARN_STRICT_PROTOTYPES = YES;
				CLANG_WARN_SUSPICIOUS_MOVE = YES;
				CLANG_WARN_UNGUARDED_AVAILABILITY = YES_AGGRESSIVE;
				CLANG_WARN_UNREACHABLE_CODE = YES;
				CLANG_WARN__DUPLICATE_METHOD_MATCH = YES;
				COPY_PHASE_STRIP = NO;
				DEBUG_INFORMATION_FORMAT = dwarf;
				ENABLE_STRICT_OBJC_MSGSEND = YES;
				ENABLE_TESTABILITY = YES;
				GCC_C_LANGUAGE_STANDARD = gnu11;
				GCC_DYNAMIC_NO_PIC = NO;
				GCC_NO_COMMON_BLOCKS = YES;
				GCC_OPTIMIZATION_LEVEL = 0;
				GCC_PREPROCESSOR_DEFINITIONS = (
					"DEBUG=1",
					"$(inherited)",
				);
				GCC_WARN_64_TO_32_BIT_CONVERSION = YES;
				GCC_WARN_ABOUT_RETURN_TYPE = YES_ERROR;
				GCC_WARN_UNDECLARED_SELECTOR = YES;
				GCC_WARN_UNINITIALIZED_AUTOS = YES_AGGRESSIVE;
				GCC_WARN_UNUSED_FUNCTION = YES;
				GCC_WARN_UNUSED_VARIABLE = YES;
				IPHONEOS_DEPLOYMENT_TARGET = 14.5;
				MTL_ENABLE_DEBUG_INFO = INCLUDE_SOURCE;
				MTL_FAST_MATH = YES;
				ONLY_ACTIVE_ARCH = YES;
				SDKROOT = iphoneos;
				SWIFT_ACTIVE_COMPILATION_CONDITIONS = DEBUG;
				SWIFT_OPTIMIZATION_LEVEL = "-Onone";
			};
			name = Debug;
		};
		49420C6C265A23BA00AFBB6C /* Release */ = {
			isa = XCBuildConfiguration;
			buildSettings = {
				ALWAYS_SEARCH_USER_PATHS = NO;
				CLANG_ANALYZER_NONNULL = YES;
				CLANG_ANALYZER_NUMBER_OBJECT_CONVERSION = YES_AGGRESSIVE;
				CLANG_CXX_LANGUAGE_STANDARD = "gnu++14";
				CLANG_CXX_LIBRARY = "libc++";
				CLANG_ENABLE_MODULES = YES;
				CLANG_ENABLE_OBJC_ARC = YES;
				CLANG_ENABLE_OBJC_WEAK = YES;
				CLANG_WARN_BLOCK_CAPTURE_AUTORELEASING = YES;
				CLANG_WARN_BOOL_CONVERSION = YES;
				CLANG_WARN_COMMA = YES;
				CLANG_WARN_CONSTANT_CONVERSION = YES;
				CLANG_WARN_DEPRECATED_OBJC_IMPLEMENTATIONS = YES;
				CLANG_WARN_DIRECT_OBJC_ISA_USAGE = YES_ERROR;
				CLANG_WARN_DOCUMENTATION_COMMENTS = YES;
				CLANG_WARN_EMPTY_BODY = YES;
				CLANG_WARN_ENUM_CONVERSION = YES;
				CLANG_WARN_INFINITE_RECURSION = YES;
				CLANG_WARN_INT_CONVERSION = YES;
				CLANG_WARN_NON_LITERAL_NULL_CONVERSION = YES;
				CLANG_WARN_OBJC_IMPLICIT_RETAIN_SELF = YES;
				CLANG_WARN_OBJC_LITERAL_CONVERSION = YES;
				CLANG_WARN_OBJC_ROOT_CLASS = YES_ERROR;
				CLANG_WARN_QUOTED_INCLUDE_IN_FRAMEWORK_HEADER = YES;
				CLANG_WARN_RANGE_LOOP_ANALYSIS = YES;
				CLANG_WARN_STRICT_PROTOTYPES = YES;
				CLANG_WARN_SUSPICIOUS_MOVE = YES;
				CLANG_WARN_UNGUARDED_AVAILABILITY = YES_AGGRESSIVE;
				CLANG_WARN_UNREACHABLE_CODE = YES;
				CLANG_WARN__DUPLICATE_METHOD_MATCH = YES;
				COPY_PHASE_STRIP = NO;
				DEBUG_INFORMATION_FORMAT = "dwarf-with-dsym";
				ENABLE_NS_ASSERTIONS = NO;
				ENABLE_STRICT_OBJC_MSGSEND = YES;
				GCC_C_LANGUAGE_STANDARD = gnu11;
				GCC_NO_COMMON_BLOCKS = YES;
				GCC_WARN_64_TO_32_BIT_CONVERSION = YES;
				GCC_WARN_ABOUT_RETURN_TYPE = YES_ERROR;
				GCC_WARN_UNDECLARED_SELECTOR = YES;
				GCC_WARN_UNINITIALIZED_AUTOS = YES_AGGRESSIVE;
				GCC_WARN_UNUSED_FUNCTION = YES;
				GCC_WARN_UNUSED_VARIABLE = YES;
				IPHONEOS_DEPLOYMENT_TARGET = 14.5;
				MTL_ENABLE_DEBUG_INFO = NO;
				MTL_FAST_MATH = YES;
				SDKROOT = iphoneos;
				SWIFT_COMPILATION_MODE = wholemodule;
				SWIFT_OPTIMIZATION_LEVEL = "-O";
				VALIDATE_PRODUCT = YES;
			};
			name = Release;
		};
		49420C6E265A23BA00AFBB6C /* Debug */ = {
			isa = XCBuildConfiguration;
			baseConfigurationReference = 907270F644592661DB49DC26 /* Pods-Contacts.debug.xcconfig */;
			buildSettings = {
				ASSETCATALOG_COMPILER_APPICON_NAME = AppIcon;
				ASSETCATALOG_COMPILER_GLOBAL_ACCENT_COLOR_NAME = AccentColor;
				CODE_SIGN_STYLE = Automatic;
				DEVELOPMENT_TEAM = TCNB8WT23T;
				INFOPLIST_FILE = Contacts/Info.plist;
				LD_RUNPATH_SEARCH_PATHS = (
					"$(inherited)",
					"@executable_path/Frameworks",
				);
				PRODUCT_BUNDLE_IDENTIFIER = com.hhp5.Contacts;
				PRODUCT_NAME = "$(TARGET_NAME)";
				SWIFT_VERSION = 5.0;
				TARGETED_DEVICE_FAMILY = "1,2";
			};
			name = Debug;
		};
		49420C6F265A23BA00AFBB6C /* Release */ = {
			isa = XCBuildConfiguration;
			baseConfigurationReference = C1F3E209B5C62F03D09B922C /* Pods-Contacts.release.xcconfig */;
			buildSettings = {
				ASSETCATALOG_COMPILER_APPICON_NAME = AppIcon;
				ASSETCATALOG_COMPILER_GLOBAL_ACCENT_COLOR_NAME = AccentColor;
				CODE_SIGN_STYLE = Automatic;
				DEVELOPMENT_TEAM = TCNB8WT23T;
				INFOPLIST_FILE = Contacts/Info.plist;
				LD_RUNPATH_SEARCH_PATHS = (
					"$(inherited)",
					"@executable_path/Frameworks",
				);
				PRODUCT_BUNDLE_IDENTIFIER = com.hhp5.Contacts;
				PRODUCT_NAME = "$(TARGET_NAME)";
				SWIFT_VERSION = 5.0;
				TARGETED_DEVICE_FAMILY = "1,2";
			};
			name = Release;
		};
/* End XCBuildConfiguration section */

/* Begin XCConfigurationList section */
		49420C51265A23B800AFBB6C /* Build configuration list for PBXProject "Contact" */ = {
			isa = XCConfigurationList;
			buildConfigurations = (
				49420C6B265A23BA00AFBB6C /* Debug */,
				49420C6C265A23BA00AFBB6C /* Release */,
			);
			defaultConfigurationIsVisible = 0;
			defaultConfigurationName = Release;
		};
		49420C6D265A23BA00AFBB6C /* Build configuration list for PBXNativeTarget "Contact" */ = {
			isa = XCConfigurationList;
			buildConfigurations = (
				49420C6E265A23BA00AFBB6C /* Debug */,
				49420C6F265A23BA00AFBB6C /* Release */,
			);
			defaultConfigurationIsVisible = 0;
			defaultConfigurationName = Release;
		};
/* End XCConfigurationList section */

/* Begin XCVersionGroup section */
		49420C62265A23B900AFBB6C /* Contacts.xcdatamodeld */ = {
			isa = XCVersionGroup;
			children = (
				49420C63265A23B900AFBB6C /* Contacts.xcdatamodel */,
			);
			currentVersion = 49420C63265A23B900AFBB6C /* Contacts.xcdatamodel */;
			path = Contacts.xcdatamodeld;
			sourceTree = "<group>";
			versionGroupType = wrapper.xcdatamodel;
		};
/* End XCVersionGroup section */
	};
	rootObject = 49420C4E265A23B800AFBB6C /* Project object */;
}
